
Microsoft Visual Studio Solution File, Format Version 12.00
# Visual Studio Version 17
VisualStudioVersion = 17.10.35122.118
MinimumVisualStudioVersion = 10.0.40219.1
Project("{9A19103F-16F7-4668-BE54-9A1E7A4F7556}") = "November_Dome", "November_Dome.csproj", "{D23C1C0C-63FE-4291-9BDB-26027E36DB30}"
EndProject
Project("{2150E333-8FDC-42A3-9474-1A3956D46DE8}") = "MyDome", "MyDome", "{51CC2BD0-4455-4F4D-856A-2FA851A7CCEE}"
EndProject
Project("{2150E333-8FDC-42A3-9474-1A3956D46DE8}") = "TDome", "TDome", "{4A2F47FC-7B91-498C-9001-446AA036614F}"
EndProject
Project("{FAE04EC0-301F-11D3-BF4B-00C04F79EFBC}") = "11_1(复习and产品检测项目)", "..\MyDome\11_1(复习and产品检测项目)\11_1(复习and产品检测项目).csproj", "{50459567-3F67-4AED-9626-C45AAE1FEC75}"
EndProject
Project("{FAE04EC0-301F-11D3-BF4B-00C04F79EFBC}") = "产品检测", "..\MyDome\产品检测\产品检测.csproj", "{8BF65052-98F6-425D-A142-C4EC53603AFE}"
EndProject
Project("{FAE04EC0-301F-11D3-BF4B-00C04F79EFBC}") = "标定", "..\MyDome\标定\标定.csproj", "{F20D42E8-2A15-4364-8FD0-651AC7BDBFEA}"
EndProject
Project("{FAE04EC0-301F-11D3-BF4B-00C04F79EFBC}") = "TCP通信服务端", "..\MyDome\TCP通信总和\TCP通信服务端.csproj", "{457184E8-05CD-423E-885C-9397EF60DFE3}"
EndProject
Project("{FAE04EC0-301F-11D3-BF4B-00C04F79EFBC}") = "TCP通信", "..\MyDome\TCP通信\TCP通信.csproj", "{D4746AC8-311F-49A9-B821-9E64230F8847}"
EndProject
Project("{FAE04EC0-301F-11D3-BF4B-00C04F79EFBC}") = "标定", "..\TDome\标定\标定.csproj", "{7035A554-5E79-4B3F-BC25-B5751CF98A79}"
EndProject
Project("{FAE04EC0-301F-11D3-BF4B-00C04F79EFBC}") = "TCP通信", "..\TDome\Socket服务端\TCP通信\TCP通信.csproj", "{22E43E65-7312-4024-B258-4F322619426B}"
EndProject
Project("{FAE04EC0-301F-11D3-BF4B-00C04F79EFBC}") = "TCPSocket通信服务端", "..\TDome\11_5\TCP通信\TCPSocket通信服务端.csproj", "{AC6C00AC-EAB8-4E3C-9ADB-22696F02D355}"
EndProject
Project("{FAE04EC0-301F-11D3-BF4B-00C04F79EFBC}") = "TCPSocket通信客户端", "..\TDome\11_5\TCPSocket通信客户端\TCPSocket通信客户端.csproj", "{3559C532-1BCB-4EC0-B3A1-652E59B92138}"
EndProject
Global
	GlobalSection(SolutionConfigurationPlatforms) = preSolution
		Debug|Any CPU = Debug|Any CPU
		Release|Any CPU = Release|Any CPU
	EndGlobalSection
	GlobalSection(ProjectConfigurationPlatforms) = postSolution
		{D23C1C0C-63FE-4291-9BDB-26027E36DB30}.Debug|Any CPU.ActiveCfg = Debug|Any CPU
		{D23C1C0C-63FE-4291-9BDB-26027E36DB30}.Debug|Any CPU.Build.0 = Debug|Any CPU
		{D23C1C0C-63FE-4291-9BDB-26027E36DB30}.Release|Any CPU.ActiveCfg = Release|Any CPU
		{D23C1C0C-63FE-4291-9BDB-26027E36DB30}.Release|Any CPU.Build.0 = Release|Any CPU
		{50459567-3F67-4AED-9626-C45AAE1FEC75}.Debug|Any CPU.ActiveCfg = Debug|Any CPU
		{50459567-3F67-4AED-9626-C45AAE1FEC75}.Debug|Any CPU.Build.0 = Debug|Any CPU
		{50459567-3F67-4AED-9626-C45AAE1FEC75}.Release|Any CPU.ActiveCfg = Release|Any CPU
		{50459567-3F67-4AED-9626-C45AAE1FEC75}.Release|Any CPU.Build.0 = Release|Any CPU
		{8BF65052-98F6-425D-A142-C4EC53603AFE}.Debug|Any CPU.ActiveCfg = Debug|Any CPU
		{8BF65052-98F6-425D-A142-C4EC53603AFE}.Debug|Any CPU.Build.0 = Debug|Any CPU
		{8BF65052-98F6-425D-A142-C4EC53603AFE}.Release|Any CPU.ActiveCfg = Release|Any CPU
		{8BF65052-98F6-425D-A142-C4EC53603AFE}.Release|Any CPU.Build.0 = Release|Any CPU
		{F20D42E8-2A15-4364-8FD0-651AC7BDBFEA}.Debug|Any CPU.ActiveCfg = Debug|Any CPU
		{F20D42E8-2A15-4364-8FD0-651AC7BDBFEA}.Debug|Any CPU.Build.0 = Debug|Any CPU
		{F20D42E8-2A15-4364-8FD0-651AC7BDBFEA}.Release|Any CPU.ActiveCfg = Release|Any CPU
		{F20D42E8-2A15-4364-8FD0-651AC7BDBFEA}.Release|Any CPU.Build.0 = Release|Any CPU
		{457184E8-05CD-423E-885C-9397EF60DFE3}.Debug|Any CPU.ActiveCfg = Debug|Any CPU
		{457184E8-05CD-423E-885C-9397EF60DFE3}.Debug|Any CPU.Build.0 = Debug|Any CPU
		{457184E8-05CD-423E-885C-9397EF60DFE3}.Release|Any CPU.ActiveCfg = Release|Any CPU
		{457184E8-05CD-423E-885C-9397EF60DFE3}.Release|Any CPU.Build.0 = Release|Any CPU
		{D4746AC8-311F-49A9-B821-9E64230F8847}.Debug|Any CPU.ActiveCfg = Debug|Any CPU
		{D4746AC8-311F-49A9-B821-9E64230F8847}.Debug|Any CPU.Build.0 = Debug|Any CPU
		{D4746AC8-311F-49A9-B821-9E64230F8847}.Release|Any CPU.ActiveCfg = Release|Any CPU
		{D4746AC8-311F-49A9-B821-9E64230F8847}.Release|Any CPU.Build.0 = Release|Any CPU
		{7035A554-5E79-4B3F-BC25-B5751CF98A79}.Debug|Any CPU.ActiveCfg = Debug|Any CPU
		{7035A554-5E79-4B3F-BC25-B5751CF98A79}.Debug|Any CPU.Build.0 = Debug|Any CPU
		{7035A554-5E79-4B3F-BC25-B5751CF98A79}.Release|Any CPU.ActiveCfg = Release|Any CPU
		{7035A554-5E79-4B3F-BC25-B5751CF98A79}.Release|Any CPU.Build.0 = Release|Any CPU
		{22E43E65-7312-4024-B258-4F322619426B}.Debug|Any CPU.ActiveCfg = Debug|Any CPU
		{22E43E65-7312-4024-B258-4F322619426B}.Debug|Any CPU.Build.0 = Debug|Any CPU
		{22E43E65-7312-4024-B258-4F322619426B}.Release|Any CPU.ActiveCfg = Release|Any CPU
		{22E43E65-7312-4024-B258-4F322619426B}.Release|Any CPU.Build.0 = Release|Any CPU
		{AC6C00AC-EAB8-4E3C-9ADB-22696F02D355}.Debug|Any CPU.ActiveCfg = Debug|Any CPU
		{AC6C00AC-EAB8-4E3C-9ADB-22696F02D355}.Debug|Any CPU.Build.0 = Debug|Any CPU
		{AC6C00AC-EAB8-4E3C-9ADB-22696F02D355}.Release|Any CPU.ActiveCfg = Release|Any CPU
		{AC6C00AC-EAB8-4E3C-9ADB-22696F02D355}.Release|Any CPU.Build.0 = Release|Any CPU
		{3559C532-1BCB-4EC0-B3A1-652E59B92138}.Debug|Any CPU.ActiveCfg = Debug|Any CPU
		{3559C532-1BCB-4EC0-B3A1-652E59B92138}.Debug|Any CPU.Build.0 = Debug|Any CPU
		{3559C532-1BCB-4EC0-B3A1-652E59B92138}.Release|Any CPU.ActiveCfg = Release|Any CPU
		{3559C532-1BCB-4EC0-B3A1-652E59B92138}.Release|Any CPU.Build.0 = Release|Any CPU
	EndGlobalSection
	GlobalSection(SolutionProperties) = preSolution
		HideSolutionNode = FALSE
	EndGlobalSection
	GlobalSection(NestedProjects) = preSolution
		{50459567-3F67-4AED-9626-C45AAE1FEC75} = {51CC2BD0-4455-4F4D-856A-2FA851A7CCEE}
		{8BF65052-98F6-425D-A142-C4EC53603AFE} = {51CC2BD0-4455-4F4D-856A-2FA851A7CCEE}
		{F20D42E8-2A15-4364-8FD0-651AC7BDBFEA} = {51CC2BD0-4455-4F4D-856A-2FA851A7CCEE}
		{457184E8-05CD-423E-885C-9397EF60DFE3} = {51CC2BD0-4455-4F4D-856A-2FA851A7CCEE}
		{D4746AC8-311F-49A9-B821-9E64230F8847} = {51CC2BD0-4455-4F4D-856A-2FA851A7CCEE}
		{7035A554-5E79-4B3F-BC25-B5751CF98A79} = {4A2F47FC-7B91-498C-9001-446AA036614F}
		{22E43E65-7312-4024-B258-4F322619426B} = {4A2F47FC-7B91-498C-9001-446AA036614F}
		{AC6C00AC-EAB8-4E3C-9ADB-22696F02D355} = {4A2F47FC-7B91-498C-9001-446AA036614F}
		{3559C532-1BCB-4EC0-B3A1-652E59B92138} = {4A2F47FC-7B91-498C-9001-446AA036614F}
	EndGlobalSection
	GlobalSection(ExtensibilityGlobals) = postSolution
		SolutionGuid = {2AB4EB8C-4155-40D2-8662-9813E2103C05}
	EndGlobalSection
EndGlobal
