
Microsoft Visual Studio Solution File, Format Version 12.00
# Visual Studio Version 17
VisualStudioVersion = 17.10.35122.118
MinimumVisualStudioVersion = 10.0.40219.1
Project("{FAE04EC0-301F-11D3-BF4B-00C04F79EFBC}") = "TCP通信", "TCP通信.csproj", "{D4746AC8-311F-49A9-B821-9E64230F8847}"
EndProject
Global
	GlobalSection(SolutionConfigurationPlatforms) = preSolution
		Debug|Any CPU = Debug|Any CPU
		Release|Any CPU = Release|Any CPU
	EndGlobalSection
	GlobalSection(ProjectConfigurationPlatforms) = postSolution
		{D4746AC8-311F-49A9-B821-9E64230F8847}.Debug|Any CPU.ActiveCfg = Debug|Any CPU
		{D4746AC8-311F-49A9-B821-9E64230F8847}.Debug|Any CPU.Build.0 = Debug|Any CPU
		{D4746AC8-311F-49A9-B821-9E64230F8847}.Release|Any CPU.ActiveCfg = Release|Any CPU
		{D4746AC8-311F-49A9-B821-9E64230F8847}.Release|Any CPU.Build.0 = Release|Any CPU
	EndGlobalSection
	GlobalSection(SolutionProperties) = preSolution
		HideSolutionNode = FALSE
	EndGlobalSection
	GlobalSection(ExtensibilityGlobals) = postSolution
		SolutionGuid = {432B4DDB-66D2-49EB-A610-AA36D8D58381}
	EndGlobalSection
EndGlobal
